
Microsoft Visual Studio Solution File, Format Version 10.00
# Visual Studio 2008
Project("{FAE04EC0-301F-11D3-BF4B-00C04F79EFBC}") = "Processes_Manage", "Processes_Manage\Processes_Manage.csproj", "{0AB7BB56-D3E8-476C-B597-575B2309638A}"
EndProject
Global
	GlobalSection(SolutionConfigurationPlatforms) = preSolution
		Debug|Any CPU = Debug|Any CPU
		Release|Any CPU = Release|Any CPU
	EndGlobalSection
	GlobalSection(ProjectConfigurationPlatforms) = postSolution
		{0AB7BB56-D3E8-476C-B597-575B2309638A}.Debug|Any CPU.ActiveCfg = Debug|Any CPU
		{0AB7BB56-D3E8-476C-B597-575B2309638A}.Debug|Any CPU.Build.0 = Debug|Any CPU
		{0AB7BB56-D3E8-476C-B597-575B2309638A}.Release|Any CPU.ActiveCfg = Release|Any CPU
		{0AB7BB56-D3E8-476C-B597-575B2309638A}.Release|Any CPU.Build.0 = Release|Any CPU
	EndGlobalSection
	GlobalSection(SolutionProperties) = preSolution
		HideSolutionNode = FALSE
	EndGlobalSection
EndGlobal
